
Microsoft Visual Studio Solution File, Format Version 12.00
# Visual Studio 15
VisualStudioVersion = 15.0.27130.2024
MinimumVisualStudioVersion = 10.0.40219.1
Project("{FAE04EC0-301F-11D3-BF4B-00C04F79EFBC}") = "Common", "Common\Common.csproj", "{7C8AC27E-E640-4403-AF4D-5B62C6C55826}"
EndProject
Project("{FAE04EC0-301F-11D3-BF4B-00C04F79EFBC}") = "MainApp", "MainApp\MainApp.csproj", "{9D6B9CBE-E9D4-44EC-9E81-671FF26F4E8C}"
EndProject
Project("{FAE04EC0-301F-11D3-BF4B-00C04F79EFBC}") = "Platform", "Platform\Platform.csproj", "{7654C71F-3E13-49DA-A9B9-85EE3E40D589}"
EndProject
Global
	GlobalSection(SolutionConfigurationPlatforms) = preSolution
		Debug|Any CPU = Debug|Any CPU
		Release|Any CPU = Release|Any CPU
	EndGlobalSection
	GlobalSection(ProjectConfigurationPlatforms) = postSolution
		{7C8AC27E-E640-4403-AF4D-5B62C6C55826}.Debug|Any CPU.ActiveCfg = Debug|Any CPU
		{7C8AC27E-E640-4403-AF4D-5B62C6C55826}.Debug|Any CPU.Build.0 = Debug|Any CPU
		{7C8AC27E-E640-4403-AF4D-5B62C6C55826}.Release|Any CPU.ActiveCfg = Release|Any CPU
		{7C8AC27E-E640-4403-AF4D-5B62C6C55826}.Release|Any CPU.Build.0 = Release|Any CPU
		{9D6B9CBE-E9D4-44EC-9E81-671FF26F4E8C}.Debug|Any CPU.ActiveCfg = Debug|Any CPU
		{9D6B9CBE-E9D4-44EC-9E81-671FF26F4E8C}.Debug|Any CPU.Build.0 = Debug|Any CPU
		{9D6B9CBE-E9D4-44EC-9E81-671FF26F4E8C}.Release|Any CPU.ActiveCfg = Release|Any CPU
		{9D6B9CBE-E9D4-44EC-9E81-671FF26F4E8C}.Release|Any CPU.Build.0 = Release|Any CPU
		{7654C71F-3E13-49DA-A9B9-85EE3E40D589}.Debug|Any CPU.ActiveCfg = Debug|Any CPU
		{7654C71F-3E13-49DA-A9B9-85EE3E40D589}.Debug|Any CPU.Build.0 = Debug|Any CPU
		{7654C71F-3E13-49DA-A9B9-85EE3E40D589}.Release|Any CPU.ActiveCfg = Release|Any CPU
		{7654C71F-3E13-49DA-A9B9-85EE3E40D589}.Release|Any CPU.Build.0 = Release|Any CPU
	EndGlobalSection
	GlobalSection(SolutionProperties) = preSolution
		HideSolutionNode = FALSE
	EndGlobalSection
	GlobalSection(ExtensibilityGlobals) = postSolution
		SolutionGuid = {D44DD502-CF19-45A6-9484-8D8210942AE9}
	EndGlobalSection
EndGlobal
